# @generated - this file is auto-generated by `mise lock` https://mise.en.dev/dev-tools/mise-lock.html

[[tools.crane]]
version = "0.21.6"
backend = "aqua:google/go-containerregistry"

[tools.crane."platforms.linux-arm64"]
checksum = "sha256:6f61571ca0c2a5da27c2927fcb143255ccb2b74b8977dfcb44645b372ab0f951"
url = "https://github.com/google/go-containerregistry/releases/download/v0.21.6/go-containerregistry_Linux_arm64.tar.gz"

[tools.crane."platforms.linux-arm64-musl"]
checksum = "sha256:6f61571ca0c2a5da27c2927fcb143255ccb2b74b8977dfcb44645b372ab0f951"
url = "https://github.com/google/go-containerregistry/releases/download/v0.21.6/go-containerregistry_Linux_arm64.tar.gz"

[tools.crane."platforms.linux-x64"]
checksum = "sha256:7ebbdcd05b652345c1f5105f8475e518534b90d66f3bdb50017be63f426ea435"
url = "https://github.com/google/go-containerregistry/releases/download/v0.21.6/go-containerregistry_Linux_x86_64.tar.gz"

[tools.crane."platforms.linux-x64-musl"]
checksum = "sha256:7ebbdcd05b652345c1f5105f8475e518534b90d66f3bdb50017be63f426ea435"
url = "https://github.com/google/go-containerregistry/releases/download/v0.21.6/go-containerregistry_Linux_x86_64.tar.gz"

[tools.crane."platforms.macos-arm64"]
checksum = "sha256:a124f297d1e63e8b6c63c2463e43565290d2fd074c1dadb5ca73d737bc7b2484"
url = "https://github.com/google/go-containerregistry/releases/download/v0.21.6/go-containerregistry_Darwin_arm64.tar.gz"

[tools.crane."platforms.macos-x64"]
checksum = "sha256:f1e653737a1d6e8a412734d0ac25009e04eccec98853be2eb59b8c744dede834"
url = "https://github.com/google/go-containerregistry/releases/download/v0.21.6/go-containerregistry_Darwin_x86_64.tar.gz"

[tools.crane."platforms.windows-x64"]
checksum = "sha256:fb78f814f68ab47266458f319ca7e642a303453ea25c8993a14eb9850c56e870"
url = "https://github.com/google/go-containerregistry/releases/download/v0.21.6/go-containerregistry_Windows_x86_64.tar.gz"

[[tools.hadolint]]
version = "2.14.0"
backend = "aqua:hadolint/hadolint"

[tools.hadolint."platforms.linux-arm64"]
checksum = "sha256:331f1d3511b84a4f1e3d18d52fec284723e4019552f4f47b19322a53ce9a40ed"
url = "https://github.com/hadolint/hadolint/releases/download/v2.14.0/hadolint-linux-arm64"

[tools.hadolint."platforms.linux-arm64-musl"]
checksum = "sha256:331f1d3511b84a4f1e3d18d52fec284723e4019552f4f47b19322a53ce9a40ed"
url = "https://github.com/hadolint/hadolint/releases/download/v2.14.0/hadolint-linux-arm64"

[tools.hadolint."platforms.linux-x64"]
checksum = "sha256:6bf226944684f56c84dd014e8b979d27425c0148f61b3bd99bcc6f39e9dc5a47"
url = "https://github.com/hadolint/hadolint/releases/download/v2.14.0/hadolint-linux-x86_64"

[tools.hadolint."platforms.linux-x64-musl"]
checksum = "sha256:6bf226944684f56c84dd014e8b979d27425c0148f61b3bd99bcc6f39e9dc5a47"
url = "https://github.com/hadolint/hadolint/releases/download/v2.14.0/hadolint-linux-x86_64"

[tools.hadolint."platforms.macos-arm64"]
checksum = "sha256:3625e2e9f43dcfe7bd38738a5f5520ed50ce39ed28485266e6803dd7bc197b10"
url = "https://github.com/hadolint/hadolint/releases/download/v2.14.0/hadolint-macos-arm64"

[tools.hadolint."platforms.macos-x64"]
checksum = "sha256:2b69a853433f1eca522ffb921cd490bd1321424d03331fd8390f93b7fb4a02e9"
url = "https://github.com/hadolint/hadolint/releases/download/v2.14.0/hadolint-macos-x86_64"

[tools.hadolint."platforms.windows-x64"]
checksum = "sha256:8e0ee174f88edb14f207a68430c7a53c2883ed509cdbde9a3a26fffa140fa5e4"
url = "https://github.com/hadolint/hadolint/releases/download/v2.14.0/hadolint-windows-x86_64.exe"

[[tools.just]]
version = "1.51.0"
backend = "aqua:casey/just"

[tools.just."platforms.linux-arm64"]
checksum = "sha256:ed7ec466b77709198fd4afed253dba0270203ba5eb1c006bee2b0139090284f5"
url = "https://github.com/casey/just/releases/download/1.51.0/just-1.51.0-aarch64-unknown-linux-musl.tar.gz"

[tools.just."platforms.linux-arm64-musl"]
checksum = "sha256:ed7ec466b77709198fd4afed253dba0270203ba5eb1c006bee2b0139090284f5"
url = "https://github.com/casey/just/releases/download/1.51.0/just-1.51.0-aarch64-unknown-linux-musl.tar.gz"

[tools.just."platforms.linux-x64"]
checksum = "sha256:c8f085ca3e885723c341d06243fc291b5abfdc8bbe3b2c076b117de490387b59"
url = "https://github.com/casey/just/releases/download/1.51.0/just-1.51.0-x86_64-unknown-linux-musl.tar.gz"

[tools.just."platforms.linux-x64-musl"]
checksum = "sha256:c8f085ca3e885723c341d06243fc291b5abfdc8bbe3b2c076b117de490387b59"
url = "https://github.com/casey/just/releases/download/1.51.0/just-1.51.0-x86_64-unknown-linux-musl.tar.gz"

[tools.just."platforms.macos-arm64"]
checksum = "sha256:61e3f1b8a545ff064b091eab4b6e14f8cc743ff15549be293b1e92f5b1467002"
url = "https://github.com/casey/just/releases/download/1.51.0/just-1.51.0-aarch64-apple-darwin.tar.gz"

[tools.just."platforms.macos-x64"]
checksum = "sha256:d583e45f1f9fcdd26069ad2fe3bb9dea414756d8d0752eb9093974cb5c0246f0"
url = "https://github.com/casey/just/releases/download/1.51.0/just-1.51.0-x86_64-apple-darwin.tar.gz"

[tools.just."platforms.windows-x64"]
checksum = "sha256:09d1138b6845e73f04bff5e26be3f57663bddca25e36fe6241d28a5aa310b64e"
url = "https://github.com/casey/just/releases/download/1.51.0/just-1.51.0-x86_64-pc-windows-msvc.zip"

[[tools.opentofu]]
version = "1.12.0"
backend = "aqua:opentofu/opentofu"

[tools.opentofu."platforms.linux-arm64"]
checksum = "sha256:2c7f48f95678cf75bbe34b66eeee35de75e6ee46e2ec4b55f80a0d93445f47d8"
url = "https://github.com/opentofu/opentofu/releases/download/v1.12.0/tofu_1.12.0_linux_arm64.tar.gz"

[tools.opentofu."platforms.linux-arm64-musl"]
checksum = "sha256:2c7f48f95678cf75bbe34b66eeee35de75e6ee46e2ec4b55f80a0d93445f47d8"
url = "https://github.com/opentofu/opentofu/releases/download/v1.12.0/tofu_1.12.0_linux_arm64.tar.gz"

[tools.opentofu."platforms.linux-x64"]
checksum = "sha256:5fe1da79e7779538a13713809e83abe1238b95a7abd43ecffc6161af10b0ddf7"
url = "https://github.com/opentofu/opentofu/releases/download/v1.12.0/tofu_1.12.0_linux_amd64.tar.gz"

[tools.opentofu."platforms.linux-x64-musl"]
checksum = "sha256:5fe1da79e7779538a13713809e83abe1238b95a7abd43ecffc6161af10b0ddf7"
url = "https://github.com/opentofu/opentofu/releases/download/v1.12.0/tofu_1.12.0_linux_amd64.tar.gz"

[tools.opentofu."platforms.macos-arm64"]
checksum = "sha256:9ad35307131102371d770cfc1a9806225fd5040acf1a3d3d8c3b5ad5418cd454"
url = "https://github.com/opentofu/opentofu/releases/download/v1.12.0/tofu_1.12.0_darwin_arm64.tar.gz"

[tools.opentofu."platforms.macos-x64"]
checksum = "sha256:472a9b14bd9fc617b58dd00cf39411f64bd6fff6474d968a7ce041f33e991e72"
url = "https://github.com/opentofu/opentofu/releases/download/v1.12.0/tofu_1.12.0_darwin_amd64.tar.gz"

[tools.opentofu."platforms.windows-x64"]
checksum = "sha256:5900eb95e934c4cebb22a487cfa372710dd1f0234400c1c16c0db63b8485e6ce"
url = "https://github.com/opentofu/opentofu/releases/download/v1.12.0/tofu_1.12.0_windows_amd64.tar.gz"
